
Microsoft Visual Studio Solution File, Format Version 11.00
# Visual Studio 2010
Project("{FAE04EC0-301F-11D3-BF4B-00C04F79EFBC}") = "Animancer.Examples", "Animancer.Examples.csproj", "{3aa1939a-f75f-4fbe-39b6-05c6e96076ee}"
EndProject
Project("{FAE04EC0-301F-11D3-BF4B-00C04F79EFBC}") = "UnityEngine.TestRunner", "UnityEngine.TestRunner.csproj", "{87a06ea3-b0e7-7a1c-b1b0-c2c6e0787583}"
EndProject
Project("{FAE04EC0-301F-11D3-BF4B-00C04F79EFBC}") = "Unity.InputSystem", "Unity.InputSystem.csproj", "{ae5762b6-7e7e-0cb8-6c6b-5f0d208a2429}"
EndProject
Project("{FAE04EC0-301F-11D3-BF4B-00C04F79EFBC}") = "UnityEngine.UI", "UnityEngine.UI.csproj", "{9d166f92-5010-3190-b005-cb3126e91e04}"
EndProject
Project("{FAE04EC0-301F-11D3-BF4B-00C04F79EFBC}") = "Unity.TextMeshPro", "Unity.TextMeshPro.csproj", "{19e5a03d-f70d-3919-4d64-8e7d271fc0be}"
EndProject
Project("{FAE04EC0-301F-11D3-BF4B-00C04F79EFBC}") = "Assembly-CSharp", "Assembly-CSharp.csproj", "{c639c834-32cd-81cc-8e80-0eeccee209ea}"
EndProject
Project("{FAE04EC0-301F-11D3-BF4B-00C04F79EFBC}") = "Unity.Timeline", "Unity.Timeline.csproj", "{e1d784e2-365d-45fc-78c0-701f00c2e19c}"
EndProject
Project("{FAE04EC0-301F-11D3-BF4B-00C04F79EFBC}") = "Animancer", "Animancer.csproj", "{db7a2d74-0be7-e7c6-9056-378666444b0c}"
EndProject
Project("{FAE04EC0-301F-11D3-BF4B-00C04F79EFBC}") = "Assembly-CSharp-firstpass", "Assembly-CSharp-firstpass.csproj", "{803013f2-87a8-3491-7b79-790c00807d1a}"
EndProject
Project("{FAE04EC0-301F-11D3-BF4B-00C04F79EFBC}") = "Animancer.FSM", "Animancer.FSM.csproj", "{414869db-8d2c-b112-8c47-5dd35e9c1dc0}"
EndProject
Project("{FAE04EC0-301F-11D3-BF4B-00C04F79EFBC}") = "InputSystem.Samples.Visualizers", "InputSystem.Samples.Visualizers.csproj", "{3c8087eb-f2df-d2dc-fa8c-daf63311ac71}"
EndProject
Project("{FAE04EC0-301F-11D3-BF4B-00C04F79EFBC}") = "Unity.InputSystem.VirtualMouseInput", "Unity.InputSystem.VirtualMouseInput.csproj", "{b976950f-f56c-4090-2f96-20ffe76adb47}"
EndProject
Project("{FAE04EC0-301F-11D3-BF4B-00C04F79EFBC}") = "Unity.TextMeshPro.Editor", "Unity.TextMeshPro.Editor.csproj", "{bb645d8b-b9d4-cc3d-3ac5-da22f4bc7ae3}"
EndProject
Project("{FAE04EC0-301F-11D3-BF4B-00C04F79EFBC}") = "Unity.Timeline.Editor", "Unity.Timeline.Editor.csproj", "{6e14c8b2-5d3d-385e-201a-1c50745b01a2}"
EndProject
Project("{FAE04EC0-301F-11D3-BF4B-00C04F79EFBC}") = "UnityEditor.TestRunner", "UnityEditor.TestRunner.csproj", "{2897046b-47ae-cefd-c6ef-2eeedfa120ac}"
EndProject
Project("{FAE04EC0-301F-11D3-BF4B-00C04F79EFBC}") = "Unity.2D.Sprite.Editor", "Unity.2D.Sprite.Editor.csproj", "{f7ea21e4-e68e-6966-9349-10caf872553f}"
EndProject
Project("{FAE04EC0-301F-11D3-BF4B-00C04F79EFBC}") = "UnityEditor.UI", "UnityEditor.UI.csproj", "{39ce5435-81c7-a83b-5b9e-6f1535b6eedb}"
EndProject
Project("{FAE04EC0-301F-11D3-BF4B-00C04F79EFBC}") = "Unity.Rider.Editor", "Unity.Rider.Editor.csproj", "{c94b45ec-efdc-3bef-882b-7141e4975566}"
EndProject
Project("{FAE04EC0-301F-11D3-BF4B-00C04F79EFBC}") = "Assembly-CSharp-Editor-firstpass", "Assembly-CSharp-Editor-firstpass.csproj", "{a01b0a9e-f2dd-84a6-ffe8-8f046f0d3deb}"
EndProject
Project("{FAE04EC0-301F-11D3-BF4B-00C04F79EFBC}") = "Unity.CollabProxy.Editor", "Unity.CollabProxy.Editor.csproj", "{d8883d9a-f776-a153-4ed9-4747101d284c}"
EndProject
Project("{FAE04EC0-301F-11D3-BF4B-00C04F79EFBC}") = "Unity.VSCode.Editor", "Unity.VSCode.Editor.csproj", "{d08b25d9-2b52-e06e-80e8-62c7a3e0e831}"
EndProject
Project("{FAE04EC0-301F-11D3-BF4B-00C04F79EFBC}") = "Assembly-CSharp-Editor", "Assembly-CSharp-Editor.csproj", "{7048f27e-2333-2da1-0124-101b939cb556}"
EndProject
Project("{FAE04EC0-301F-11D3-BF4B-00C04F79EFBC}") = "RotaryHeart", "RotaryHeart.csproj", "{ac4d866a-3454-f3af-0d96-506e87f91e38}"
EndProject
Global
	GlobalSection(SolutionConfigurationPlatforms) = preSolution
		Debug|Any CPU = Debug|Any CPU
	EndGlobalSection
	GlobalSection(ProjectConfigurationPlatforms) = postSolution
		{3aa1939a-f75f-4fbe-39b6-05c6e96076ee}.Debug|Any CPU.ActiveCfg = Debug|Any CPU
		{3aa1939a-f75f-4fbe-39b6-05c6e96076ee}.Debug|Any CPU.Build.0 = Debug|Any CPU
		{87a06ea3-b0e7-7a1c-b1b0-c2c6e0787583}.Debug|Any CPU.ActiveCfg = Debug|Any CPU
		{87a06ea3-b0e7-7a1c-b1b0-c2c6e0787583}.Debug|Any CPU.Build.0 = Debug|Any CPU
		{ae5762b6-7e7e-0cb8-6c6b-5f0d208a2429}.Debug|Any CPU.ActiveCfg = Debug|Any CPU
		{ae5762b6-7e7e-0cb8-6c6b-5f0d208a2429}.Debug|Any CPU.Build.0 = Debug|Any CPU
		{9d166f92-5010-3190-b005-cb3126e91e04}.Debug|Any CPU.ActiveCfg = Debug|Any CPU
		{9d166f92-5010-3190-b005-cb3126e91e04}.Debug|Any CPU.Build.0 = Debug|Any CPU
		{19e5a03d-f70d-3919-4d64-8e7d271fc0be}.Debug|Any CPU.ActiveCfg = Debug|Any CPU
		{19e5a03d-f70d-3919-4d64-8e7d271fc0be}.Debug|Any CPU.Build.0 = Debug|Any CPU
		{c639c834-32cd-81cc-8e80-0eeccee209ea}.Debug|Any CPU.ActiveCfg = Debug|Any CPU
		{c639c834-32cd-81cc-8e80-0eeccee209ea}.Debug|Any CPU.Build.0 = Debug|Any CPU
		{e1d784e2-365d-45fc-78c0-701f00c2e19c}.Debug|Any CPU.ActiveCfg = Debug|Any CPU
		{e1d784e2-365d-45fc-78c0-701f00c2e19c}.Debug|Any CPU.Build.0 = Debug|Any CPU
		{db7a2d74-0be7-e7c6-9056-378666444b0c}.Debug|Any CPU.ActiveCfg = Debug|Any CPU
		{db7a2d74-0be7-e7c6-9056-378666444b0c}.Debug|Any CPU.Build.0 = Debug|Any CPU
		{803013f2-87a8-3491-7b79-790c00807d1a}.Debug|Any CPU.ActiveCfg = Debug|Any CPU
		{803013f2-87a8-3491-7b79-790c00807d1a}.Debug|Any CPU.Build.0 = Debug|Any CPU
		{414869db-8d2c-b112-8c47-5dd35e9c1dc0}.Debug|Any CPU.ActiveCfg = Debug|Any CPU
		{414869db-8d2c-b112-8c47-5dd35e9c1dc0}.Debug|Any CPU.Build.0 = Debug|Any CPU
		{3c8087eb-f2df-d2dc-fa8c-daf63311ac71}.Debug|Any CPU.ActiveCfg = Debug|Any CPU
		{3c8087eb-f2df-d2dc-fa8c-daf63311ac71}.Debug|Any CPU.Build.0 = Debug|Any CPU
		{b976950f-f56c-4090-2f96-20ffe76adb47}.Debug|Any CPU.ActiveCfg = Debug|Any CPU
		{b976950f-f56c-4090-2f96-20ffe76adb47}.Debug|Any CPU.Build.0 = Debug|Any CPU
		{bb645d8b-b9d4-cc3d-3ac5-da22f4bc7ae3}.Debug|Any CPU.ActiveCfg = Debug|Any CPU
		{bb645d8b-b9d4-cc3d-3ac5-da22f4bc7ae3}.Debug|Any CPU.Build.0 = Debug|Any CPU
		{6e14c8b2-5d3d-385e-201a-1c50745b01a2}.Debug|Any CPU.ActiveCfg = Debug|Any CPU
		{6e14c8b2-5d3d-385e-201a-1c50745b01a2}.Debug|Any CPU.Build.0 = Debug|Any CPU
		{2897046b-47ae-cefd-c6ef-2eeedfa120ac}.Debug|Any CPU.ActiveCfg = Debug|Any CPU
		{2897046b-47ae-cefd-c6ef-2eeedfa120ac}.Debug|Any CPU.Build.0 = Debug|Any CPU
		{f7ea21e4-e68e-6966-9349-10caf872553f}.Debug|Any CPU.ActiveCfg = Debug|Any CPU
		{f7ea21e4-e68e-6966-9349-10caf872553f}.Debug|Any CPU.Build.0 = Debug|Any CPU
		{39ce5435-81c7-a83b-5b9e-6f1535b6eedb}.Debug|Any CPU.ActiveCfg = Debug|Any CPU
		{39ce5435-81c7-a83b-5b9e-6f1535b6eedb}.Debug|Any CPU.Build.0 = Debug|Any CPU
		{c94b45ec-efdc-3bef-882b-7141e4975566}.Debug|Any CPU.ActiveCfg = Debug|Any CPU
		{c94b45ec-efdc-3bef-882b-7141e4975566}.Debug|Any CPU.Build.0 = Debug|Any CPU
		{a01b0a9e-f2dd-84a6-ffe8-8f046f0d3deb}.Debug|Any CPU.ActiveCfg = Debug|Any CPU
		{a01b0a9e-f2dd-84a6-ffe8-8f046f0d3deb}.Debug|Any CPU.Build.0 = Debug|Any CPU
		{d8883d9a-f776-a153-4ed9-4747101d284c}.Debug|Any CPU.ActiveCfg = Debug|Any CPU
		{d8883d9a-f776-a153-4ed9-4747101d284c}.Debug|Any CPU.Build.0 = Debug|Any CPU
		{d08b25d9-2b52-e06e-80e8-62c7a3e0e831}.Debug|Any CPU.ActiveCfg = Debug|Any CPU
		{d08b25d9-2b52-e06e-80e8-62c7a3e0e831}.Debug|Any CPU.Build.0 = Debug|Any CPU
		{7048f27e-2333-2da1-0124-101b939cb556}.Debug|Any CPU.ActiveCfg = Debug|Any CPU
		{7048f27e-2333-2da1-0124-101b939cb556}.Debug|Any CPU.Build.0 = Debug|Any CPU
		{ac4d866a-3454-f3af-0d96-506e87f91e38}.Debug|Any CPU.ActiveCfg = Debug|Any CPU
		{ac4d866a-3454-f3af-0d96-506e87f91e38}.Debug|Any CPU.Build.0 = Debug|Any CPU
	EndGlobalSection
	GlobalSection(SolutionProperties) = preSolution
		HideSolutionNode = FALSE
	EndGlobalSection
EndGlobal
