
Microsoft Visual Studio Solution File, Format Version 11.00
# Visual Studio 2010
Project("{FAE04EC0-301F-11D3-BF4B-00C04F79EFBC}") = "Animancer.Examples", "Animancer.Examples.csproj", "{9A93A13A-5FF7-BE4F-39B6-05C6E96076EE}"
EndProject
Project("{FAE04EC0-301F-11D3-BF4B-00C04F79EFBC}") = "UnityEngine.TestRunner", "UnityEngine.TestRunner.csproj", "{A36EA087-E7B0-1C7A-B1B0-C2C6E0787583}"
EndProject
Project("{FAE04EC0-301F-11D3-BF4B-00C04F79EFBC}") = "Unity.InputSystem", "Unity.InputSystem.csproj", "{B66257AE-7E7E-B80C-6C6B-5F0D208A2429}"
EndProject
Project("{FAE04EC0-301F-11D3-BF4B-00C04F79EFBC}") = "UnityEngine.UI", "UnityEngine.UI.csproj", "{926F169D-1050-9031-B005-CB3126E91E04}"
EndProject
Project("{FAE04EC0-301F-11D3-BF4B-00C04F79EFBC}") = "Unity.TextMeshPro", "Unity.TextMeshPro.csproj", "{3DA0E519-0DF7-1939-4D64-8E7D271FC0BE}"
EndProject
Project("{FAE04EC0-301F-11D3-BF4B-00C04F79EFBC}") = "Assembly-CSharp", "Assembly-CSharp.csproj", "{34C839C6-CD32-CC81-8E80-0EECCEE209EA}"
EndProject
Project("{FAE04EC0-301F-11D3-BF4B-00C04F79EFBC}") = "Unity.Timeline", "Unity.Timeline.csproj", "{E284D7E1-5D36-FC45-78C0-701F00C2E19C}"
EndProject
Project("{FAE04EC0-301F-11D3-BF4B-00C04F79EFBC}") = "Animancer", "Animancer.csproj", "{742D7ADB-E70B-C6E7-9056-378666444B0C}"
EndProject
Project("{FAE04EC0-301F-11D3-BF4B-00C04F79EFBC}") = "Assembly-CSharp-firstpass", "Assembly-CSharp-firstpass.csproj", "{F2133080-A887-9134-7B79-790C00807D1A}"
EndProject
Project("{FAE04EC0-301F-11D3-BF4B-00C04F79EFBC}") = "Animancer.FSM", "Animancer.FSM.csproj", "{DB694841-2C8D-12B1-8C47-5DD35E9C1DC0}"
EndProject
Project("{FAE04EC0-301F-11D3-BF4B-00C04F79EFBC}") = "InputSystem.Samples.Visualizers", "InputSystem.Samples.Visualizers.csproj", "{EB87803C-DFF2-DCD2-FA8C-DAF63311AC71}"
EndProject
Project("{FAE04EC0-301F-11D3-BF4B-00C04F79EFBC}") = "Unity.InputSystem.VirtualMouseInput", "Unity.InputSystem.VirtualMouseInput.csproj", "{0F9576B9-6CF5-9040-2F96-20FFE76ADB47}"
EndProject
Project("{FAE04EC0-301F-11D3-BF4B-00C04F79EFBC}") = "Unity.TextMeshPro.Editor", "Unity.TextMeshPro.Editor.csproj", "{8B5D64BB-D4B9-3DCC-3AC5-DA22F4BC7AE3}"
EndProject
Project("{FAE04EC0-301F-11D3-BF4B-00C04F79EFBC}") = "Unity.Timeline.Editor", "Unity.Timeline.Editor.csproj", "{B2C8146E-3D5D-5E38-201A-1C50745B01A2}"
EndProject
Project("{FAE04EC0-301F-11D3-BF4B-00C04F79EFBC}") = "UnityEditor.TestRunner", "UnityEditor.TestRunner.csproj", "{6B049728-AE47-FDCE-C6EF-2EEEDFA120AC}"
EndProject
Project("{FAE04EC0-301F-11D3-BF4B-00C04F79EFBC}") = "Unity.2D.Sprite.Editor", "Unity.2D.Sprite.Editor.csproj", "{E421EAF7-8EE6-6669-9349-10CAF872553F}"
EndProject
Project("{FAE04EC0-301F-11D3-BF4B-00C04F79EFBC}") = "UnityEditor.UI", "UnityEditor.UI.csproj", "{3554CE39-C781-3BA8-5B9E-6F1535B6EEDB}"
EndProject
Project("{FAE04EC0-301F-11D3-BF4B-00C04F79EFBC}") = "Unity.Rider.Editor", "Unity.Rider.Editor.csproj", "{EC454BC9-DCEF-EF3B-882B-7141E4975566}"
EndProject
Project("{FAE04EC0-301F-11D3-BF4B-00C04F79EFBC}") = "Assembly-CSharp-Editor-firstpass", "Assembly-CSharp-Editor-firstpass.csproj", "{9E0A1BA0-DDF2-A684-FFE8-8F046F0D3DEB}"
EndProject
Project("{FAE04EC0-301F-11D3-BF4B-00C04F79EFBC}") = "Unity.CollabProxy.Editor", "Unity.CollabProxy.Editor.csproj", "{9A3D88D8-76F7-53A1-4ED9-4747101D284C}"
EndProject
Project("{FAE04EC0-301F-11D3-BF4B-00C04F79EFBC}") = "Unity.VSCode.Editor", "Unity.VSCode.Editor.csproj", "{D9258BD0-522B-6EE0-80E8-62C7A3E0E831}"
EndProject
Global
	GlobalSection(SolutionConfigurationPlatforms) = preSolution
		Debug|Any CPU = Debug|Any CPU
		Release|Any CPU = Release|Any CPU
	EndGlobalSection
	GlobalSection(ProjectConfigurationPlatforms) = postSolution
		{9A93A13A-5FF7-BE4F-39B6-05C6E96076EE}.Debug|Any CPU.ActiveCfg = Debug|Any CPU
		{9A93A13A-5FF7-BE4F-39B6-05C6E96076EE}.Debug|Any CPU.Build.0 = Debug|Any CPU
		{9A93A13A-5FF7-BE4F-39B6-05C6E96076EE}.Release|Any CPU.ActiveCfg = Release|Any CPU
		{9A93A13A-5FF7-BE4F-39B6-05C6E96076EE}.Release|Any CPU.Build.0 = Release|Any CPU
		{A36EA087-E7B0-1C7A-B1B0-C2C6E0787583}.Debug|Any CPU.ActiveCfg = Debug|Any CPU
		{A36EA087-E7B0-1C7A-B1B0-C2C6E0787583}.Debug|Any CPU.Build.0 = Debug|Any CPU
		{A36EA087-E7B0-1C7A-B1B0-C2C6E0787583}.Release|Any CPU.ActiveCfg = Release|Any CPU
		{A36EA087-E7B0-1C7A-B1B0-C2C6E0787583}.Release|Any CPU.Build.0 = Release|Any CPU
		{B66257AE-7E7E-B80C-6C6B-5F0D208A2429}.Debug|Any CPU.ActiveCfg = Debug|Any CPU
		{B66257AE-7E7E-B80C-6C6B-5F0D208A2429}.Debug|Any CPU.Build.0 = Debug|Any CPU
		{B66257AE-7E7E-B80C-6C6B-5F0D208A2429}.Release|Any CPU.ActiveCfg = Release|Any CPU
		{B66257AE-7E7E-B80C-6C6B-5F0D208A2429}.Release|Any CPU.Build.0 = Release|Any CPU
		{926F169D-1050-9031-B005-CB3126E91E04}.Debug|Any CPU.ActiveCfg = Debug|Any CPU
		{926F169D-1050-9031-B005-CB3126E91E04}.Debug|Any CPU.Build.0 = Debug|Any CPU
		{926F169D-1050-9031-B005-CB3126E91E04}.Release|Any CPU.ActiveCfg = Release|Any CPU
		{926F169D-1050-9031-B005-CB3126E91E04}.Release|Any CPU.Build.0 = Release|Any CPU
		{3DA0E519-0DF7-1939-4D64-8E7D271FC0BE}.Debug|Any CPU.ActiveCfg = Debug|Any CPU
		{3DA0E519-0DF7-1939-4D64-8E7D271FC0BE}.Debug|Any CPU.Build.0 = Debug|Any CPU
		{3DA0E519-0DF7-1939-4D64-8E7D271FC0BE}.Release|Any CPU.ActiveCfg = Release|Any CPU
		{3DA0E519-0DF7-1939-4D64-8E7D271FC0BE}.Release|Any CPU.Build.0 = Release|Any CPU
		{34C839C6-CD32-CC81-8E80-0EECCEE209EA}.Debug|Any CPU.ActiveCfg = Debug|Any CPU
		{34C839C6-CD32-CC81-8E80-0EECCEE209EA}.Debug|Any CPU.Build.0 = Debug|Any CPU
		{34C839C6-CD32-CC81-8E80-0EECCEE209EA}.Release|Any CPU.ActiveCfg = Release|Any CPU
		{34C839C6-CD32-CC81-8E80-0EECCEE209EA}.Release|Any CPU.Build.0 = Release|Any CPU
		{E284D7E1-5D36-FC45-78C0-701F00C2E19C}.Debug|Any CPU.ActiveCfg = Debug|Any CPU
		{E284D7E1-5D36-FC45-78C0-701F00C2E19C}.Debug|Any CPU.Build.0 = Debug|Any CPU
		{E284D7E1-5D36-FC45-78C0-701F00C2E19C}.Release|Any CPU.ActiveCfg = Release|Any CPU
		{E284D7E1-5D36-FC45-78C0-701F00C2E19C}.Release|Any CPU.Build.0 = Release|Any CPU
		{742D7ADB-E70B-C6E7-9056-378666444B0C}.Debug|Any CPU.ActiveCfg = Debug|Any CPU
		{742D7ADB-E70B-C6E7-9056-378666444B0C}.Debug|Any CPU.Build.0 = Debug|Any CPU
		{742D7ADB-E70B-C6E7-9056-378666444B0C}.Release|Any CPU.ActiveCfg = Release|Any CPU
		{742D7ADB-E70B-C6E7-9056-378666444B0C}.Release|Any CPU.Build.0 = Release|Any CPU
		{F2133080-A887-9134-7B79-790C00807D1A}.Debug|Any CPU.ActiveCfg = Debug|Any CPU
		{F2133080-A887-9134-7B79-790C00807D1A}.Debug|Any CPU.Build.0 = Debug|Any CPU
		{F2133080-A887-9134-7B79-790C00807D1A}.Release|Any CPU.ActiveCfg = Release|Any CPU
		{F2133080-A887-9134-7B79-790C00807D1A}.Release|Any CPU.Build.0 = Release|Any CPU
		{DB694841-2C8D-12B1-8C47-5DD35E9C1DC0}.Debug|Any CPU.ActiveCfg = Debug|Any CPU
		{DB694841-2C8D-12B1-8C47-5DD35E9C1DC0}.Debug|Any CPU.Build.0 = Debug|Any CPU
		{DB694841-2C8D-12B1-8C47-5DD35E9C1DC0}.Release|Any CPU.ActiveCfg = Release|Any CPU
		{DB694841-2C8D-12B1-8C47-5DD35E9C1DC0}.Release|Any CPU.Build.0 = Release|Any CPU
		{EB87803C-DFF2-DCD2-FA8C-DAF63311AC71}.Debug|Any CPU.ActiveCfg = Debug|Any CPU
		{EB87803C-DFF2-DCD2-FA8C-DAF63311AC71}.Debug|Any CPU.Build.0 = Debug|Any CPU
		{EB87803C-DFF2-DCD2-FA8C-DAF63311AC71}.Release|Any CPU.ActiveCfg = Release|Any CPU
		{EB87803C-DFF2-DCD2-FA8C-DAF63311AC71}.Release|Any CPU.Build.0 = Release|Any CPU
		{0F9576B9-6CF5-9040-2F96-20FFE76ADB47}.Debug|Any CPU.ActiveCfg = Debug|Any CPU
		{0F9576B9-6CF5-9040-2F96-20FFE76ADB47}.Debug|Any CPU.Build.0 = Debug|Any CPU
		{0F9576B9-6CF5-9040-2F96-20FFE76ADB47}.Release|Any CPU.ActiveCfg = Release|Any CPU
		{0F9576B9-6CF5-9040-2F96-20FFE76ADB47}.Release|Any CPU.Build.0 = Release|Any CPU
		{8B5D64BB-D4B9-3DCC-3AC5-DA22F4BC7AE3}.Debug|Any CPU.ActiveCfg = Debug|Any CPU
		{8B5D64BB-D4B9-3DCC-3AC5-DA22F4BC7AE3}.Debug|Any CPU.Build.0 = Debug|Any CPU
		{8B5D64BB-D4B9-3DCC-3AC5-DA22F4BC7AE3}.Release|Any CPU.ActiveCfg = Release|Any CPU
		{8B5D64BB-D4B9-3DCC-3AC5-DA22F4BC7AE3}.Release|Any CPU.Build.0 = Release|Any CPU
		{B2C8146E-3D5D-5E38-201A-1C50745B01A2}.Debug|Any CPU.ActiveCfg = Debug|Any CPU
		{B2C8146E-3D5D-5E38-201A-1C50745B01A2}.Debug|Any CPU.Build.0 = Debug|Any CPU
		{B2C8146E-3D5D-5E38-201A-1C50745B01A2}.Release|Any CPU.ActiveCfg = Release|Any CPU
		{B2C8146E-3D5D-5E38-201A-1C50745B01A2}.Release|Any CPU.Build.0 = Release|Any CPU
		{6B049728-AE47-FDCE-C6EF-2EEEDFA120AC}.Debug|Any CPU.ActiveCfg = Debug|Any CPU
		{6B049728-AE47-FDCE-C6EF-2EEEDFA120AC}.Debug|Any CPU.Build.0 = Debug|Any CPU
		{6B049728-AE47-FDCE-C6EF-2EEEDFA120AC}.Release|Any CPU.ActiveCfg = Release|Any CPU
		{6B049728-AE47-FDCE-C6EF-2EEEDFA120AC}.Release|Any CPU.Build.0 = Release|Any CPU
		{E421EAF7-8EE6-6669-9349-10CAF872553F}.Debug|Any CPU.ActiveCfg = Debug|Any CPU
		{E421EAF7-8EE6-6669-9349-10CAF872553F}.Debug|Any CPU.Build.0 = Debug|Any CPU
		{E421EAF7-8EE6-6669-9349-10CAF872553F}.Release|Any CPU.ActiveCfg = Release|Any CPU
		{E421EAF7-8EE6-6669-9349-10CAF872553F}.Release|Any CPU.Build.0 = Release|Any CPU
		{3554CE39-C781-3BA8-5B9E-6F1535B6EEDB}.Debug|Any CPU.ActiveCfg = Debug|Any CPU
		{3554CE39-C781-3BA8-5B9E-6F1535B6EEDB}.Debug|Any CPU.Build.0 = Debug|Any CPU
		{3554CE39-C781-3BA8-5B9E-6F1535B6EEDB}.Release|Any CPU.ActiveCfg = Release|Any CPU
		{3554CE39-C781-3BA8-5B9E-6F1535B6EEDB}.Release|Any CPU.Build.0 = Release|Any CPU
		{EC454BC9-DCEF-EF3B-882B-7141E4975566}.Debug|Any CPU.ActiveCfg = Debug|Any CPU
		{EC454BC9-DCEF-EF3B-882B-7141E4975566}.Debug|Any CPU.Build.0 = Debug|Any CPU
		{EC454BC9-DCEF-EF3B-882B-7141E4975566}.Release|Any CPU.ActiveCfg = Release|Any CPU
		{EC454BC9-DCEF-EF3B-882B-7141E4975566}.Release|Any CPU.Build.0 = Release|Any CPU
		{9E0A1BA0-DDF2-A684-FFE8-8F046F0D3DEB}.Debug|Any CPU.ActiveCfg = Debug|Any CPU
		{9E0A1BA0-DDF2-A684-FFE8-8F046F0D3DEB}.Debug|Any CPU.Build.0 = Debug|Any CPU
		{9E0A1BA0-DDF2-A684-FFE8-8F046F0D3DEB}.Release|Any CPU.ActiveCfg = Release|Any CPU
		{9E0A1BA0-DDF2-A684-FFE8-8F046F0D3DEB}.Release|Any CPU.Build.0 = Release|Any CPU
		{9A3D88D8-76F7-53A1-4ED9-4747101D284C}.Debug|Any CPU.ActiveCfg = Debug|Any CPU
		{9A3D88D8-76F7-53A1-4ED9-4747101D284C}.Debug|Any CPU.Build.0 = Debug|Any CPU
		{9A3D88D8-76F7-53A1-4ED9-4747101D284C}.Release|Any CPU.ActiveCfg = Release|Any CPU
		{9A3D88D8-76F7-53A1-4ED9-4747101D284C}.Release|Any CPU.Build.0 = Release|Any CPU
		{D9258BD0-522B-6EE0-80E8-62C7A3E0E831}.Debug|Any CPU.ActiveCfg = Debug|Any CPU
		{D9258BD0-522B-6EE0-80E8-62C7A3E0E831}.Debug|Any CPU.Build.0 = Debug|Any CPU
		{D9258BD0-522B-6EE0-80E8-62C7A3E0E831}.Release|Any CPU.ActiveCfg = Release|Any CPU
		{D9258BD0-522B-6EE0-80E8-62C7A3E0E831}.Release|Any CPU.Build.0 = Release|Any CPU
	EndGlobalSection
	GlobalSection(SolutionProperties) = preSolution
		HideSolutionNode = FALSE
	EndGlobalSection
EndGlobal
